
Microsoft Visual Studio Solution File, Format Version 12.00
# Visual Studio Version 17
VisualStudioVersion = 17.0.31903.59
MinimumVisualStudioVersion = 10.0.40219.1
Project("{9A19103F-16F7-4668-BE54-9A1E7A4F7556}") = "SchoolLibrary", "SchoolLibrary\SchoolLibrary.csproj", "{73E7B5CC-E61B-43F9-AA1F-3101F5FB4F23}"
EndProject
Project("{9A19103F-16F7-4668-BE54-9A1E7A4F7556}") = "SchoolLibraryForm", "SchoolLibraryForm\SchoolLibraryForm.csproj", "{569CB634-2E11-46E2-BAA3-AE7572776E3A}"
EndProject
Project("{FAE04EC0-301F-11D3-BF4B-00C04F79EFBC}") = "TryOutNotes", "TryOutNotes\TryOutNotes.csproj", "{7ECBDEC6-E3E7-4249-8C91-4A6431352BC7}"
EndProject
Global
	GlobalSection(SolutionConfigurationPlatforms) = preSolution
		Debug|Any CPU = Debug|Any CPU
		Release|Any CPU = Release|Any CPU
	EndGlobalSection
	GlobalSection(ProjectConfigurationPlatforms) = postSolution
		{73E7B5CC-E61B-43F9-AA1F-3101F5FB4F23}.Debug|Any CPU.ActiveCfg = Debug|Any CPU
		{73E7B5CC-E61B-43F9-AA1F-3101F5FB4F23}.Debug|Any CPU.Build.0 = Debug|Any CPU
		{73E7B5CC-E61B-43F9-AA1F-3101F5FB4F23}.Release|Any CPU.ActiveCfg = Release|Any CPU
		{73E7B5CC-E61B-43F9-AA1F-3101F5FB4F23}.Release|Any CPU.Build.0 = Release|Any CPU
		{569CB634-2E11-46E2-BAA3-AE7572776E3A}.Debug|Any CPU.ActiveCfg = Debug|Any CPU
		{569CB634-2E11-46E2-BAA3-AE7572776E3A}.Debug|Any CPU.Build.0 = Debug|Any CPU
		{569CB634-2E11-46E2-BAA3-AE7572776E3A}.Release|Any CPU.ActiveCfg = Release|Any CPU
		{569CB634-2E11-46E2-BAA3-AE7572776E3A}.Release|Any CPU.Build.0 = Release|Any CPU
		{7ECBDEC6-E3E7-4249-8C91-4A6431352BC7}.Debug|Any CPU.ActiveCfg = Debug|Any CPU
		{7ECBDEC6-E3E7-4249-8C91-4A6431352BC7}.Debug|Any CPU.Build.0 = Debug|Any CPU
		{7ECBDEC6-E3E7-4249-8C91-4A6431352BC7}.Release|Any CPU.ActiveCfg = Release|Any CPU
		{7ECBDEC6-E3E7-4249-8C91-4A6431352BC7}.Release|Any CPU.Build.0 = Release|Any CPU
	EndGlobalSection
	GlobalSection(SolutionProperties) = preSolution
		HideSolutionNode = FALSE
	EndGlobalSection
	GlobalSection(ExtensibilityGlobals) = postSolution
		SolutionGuid = {39180FDD-0A19-4B53-9015-40B2DC297C3B}
	EndGlobalSection
EndGlobal
